// !$*UTF8*$!
{
	archiveVersion = 1;
	classes = {
	};
	objectVersion = 56;
	objects = {

/* Begin PBXBuildFile section */
		573F4A9A2962FE70005CE558 /* StarWarsWikiApp.swift in Sources */ = {isa = PBXBuildFile; fileRef = 573F4A992962FE70005CE558 /* StarWarsWikiApp.swift */; };
		573F4A9C2962FE70005CE558 /* ContentView.swift in Sources */ = {isa = PBXBuildFile; fileRef = 573F4A9B2962FE70005CE558 /* ContentView.swift */; };
		573F4A9E2962FE70005CE558 /* Assets.xcassets in Resources */ = {isa = PBXBuildFile; fileRef = 573F4A9D2962FE70005CE558 /* Assets.xcassets */; };
		573F4AA12962FE70005CE558 /* Preview Assets.xcassets in Resources */ = {isa = PBXBuildFile; fileRef = 573F4AA02962FE70005CE558 /* Preview Assets.xcassets */; };
		573F4AAC2963A276005CE558 /* CharacterListView.swift in Sources */ = {isa = PBXBuildFile; fileRef = 573F4AAB2963A276005CE558 /* CharacterListView.swift */; };
		573F4AAF296455C3005CE558 /* RouterHelper.swift in Sources */ = {isa = PBXBuildFile; fileRef = 573F4AAE296455C3005CE558 /* RouterHelper.swift */; };
		57F864F02965A6A60049484B /* CharacterDataSource.swift in Sources */ = {isa = PBXBuildFile; fileRef = 57F864EF2965A6A60049484B /* CharacterDataSource.swift */; };
		57F864F42965AAF80049484B /* Character.swift in Sources */ = {isa = PBXBuildFile; fileRef = 57F864F32965AAF70049484B /* Character.swift */; };
		57F864F62965AB340049484B /* CharacterList.swift in Sources */ = {isa = PBXBuildFile; fileRef = 57F864F52965AB340049484B /* CharacterList.swift */; };
		57F864F82965AC360049484B /* CharacterListNS.swift in Sources */ = {isa = PBXBuildFile; fileRef = 57F864F72965AC360049484B /* CharacterListNS.swift */; };
		57F864FA2965B1220049484B /* CharacterListViewModel.swift in Sources */ = {isa = PBXBuildFile; fileRef = 57F864F92965B1220049484B /* CharacterListViewModel.swift */; };
		57F864FC2968496C0049484B /* ErrorHelper.swift in Sources */ = {isa = PBXBuildFile; fileRef = 57F864FB2968496C0049484B /* ErrorHelper.swift */; };
		57F864FE296849A20049484B /* LoadingStateHelper.swift in Sources */ = {isa = PBXBuildFile; fileRef = 57F864FD296849A20049484B /* LoadingStateHelper.swift */; };
/* End PBXBuildFile section */

/* Begin PBXFileReference section */
		573F4A962962FE70005CE558 /* StarWarsWiki.app */ = {isa = PBXFileReference; explicitFileType = wrapper.application; includeInIndex = 0; path = StarWarsWiki.app; sourceTree = BUILT_PRODUCTS_DIR; };
		573F4A992962FE70005CE558 /* StarWarsWikiApp.swift */ = {isa = PBXFileReference; lastKnownFileType = sourcecode.swift; path = StarWarsWikiApp.swift; sourceTree = "<group>"; };
		573F4A9B2962FE70005CE558 /* ContentView.swift */ = {isa = PBXFileReference; lastKnownFileType = sourcecode.swift; path = ContentView.swift; sourceTree = "<group>"; };
		573F4A9D2962FE70005CE558 /* Assets.xcassets */ = {isa = PBXFileReference; lastKnownFileType = folder.assetcatalog; path = Assets.xcassets; sourceTree = "<group>"; };
		573F4AA02962FE70005CE558 /* Preview Assets.xcassets */ = {isa = PBXFileReference; lastKnownFileType = folder.assetcatalog; path = "Preview Assets.xcassets"; sourceTree = "<group>"; };
		573F4AAB2963A276005CE558 /* CharacterListView.swift */ = {isa = PBXFileReference; lastKnownFileType = sourcecode.swift; path = CharacterListView.swift; sourceTree = "<group>"; };
		573F4AAE296455C3005CE558 /* RouterHelper.swift */ = {isa = PBXFileReference; lastKnownFileType = sourcecode.swift; path = RouterHelper.swift; sourceTree = "<group>"; };
		57F864EF2965A6A60049484B /* CharacterDataSource.swift */ = {isa = PBXFileReference; lastKnownFileType = sourcecode.swift; path = CharacterDataSource.swift; sourceTree = "<group>"; };
		57F864F32965AAF70049484B /* Character.swift */ = {isa = PBXFileReference; lastKnownFileType = sourcecode.swift; path = Character.swift; sourceTree = "<group>"; };
		57F864F52965AB340049484B /* CharacterList.swift */ = {isa = PBXFileReference; lastKnownFileType = sourcecode.swift; path = CharacterList.swift; sourceTree = "<group>"; };
		57F864F72965AC360049484B /* CharacterListNS.swift */ = {isa = PBXFileReference; lastKnownFileType = sourcecode.swift; path = CharacterListNS.swift; sourceTree = "<group>"; };
		57F864F92965B1220049484B /* CharacterListViewModel.swift */ = {isa = PBXFileReference; lastKnownFileType = sourcecode.swift; path = CharacterListViewModel.swift; sourceTree = "<group>"; };
		57F864FB2968496C0049484B /* ErrorHelper.swift */ = {isa = PBXFileReference; lastKnownFileType = sourcecode.swift; path = ErrorHelper.swift; sourceTree = "<group>"; };
		57F864FD296849A20049484B /* LoadingStateHelper.swift */ = {isa = PBXFileReference; lastKnownFileType = sourcecode.swift; path = LoadingStateHelper.swift; sourceTree = "<group>"; };
/* End PBXFileReference section */

/* Begin PBXFrameworksBuildPhase section */
		573F4A932962FE70005CE558 /* Frameworks */ = {
			isa = PBXFrameworksBuildPhase;
			buildActionMask = 2147483647;
			files = (
			);
			runOnlyForDeploymentPostprocessing = 0;
		};
/* End PBXFrameworksBuildPhase section */

/* Begin PBXGroup section */
		573F4A8D2962FE70005CE558 = {
			isa = PBXGroup;
			children = (
				573F4A982962FE70005CE558 /* StarWarsWiki */,
				573F4A972962FE70005CE558 /* Products */,
			);
			sourceTree = "<group>";
		};
		573F4A972962FE70005CE558 /* Products */ = {
			isa = PBXGroup;
			children = (
				573F4A962962FE70005CE558 /* StarWarsWiki.app */,
			);
			name = Products;
			sourceTree = "<group>";
		};
		573F4A982962FE70005CE558 /* StarWarsWiki */ = {
			isa = PBXGroup;
			children = (
				573F4AAD29645512005CE558 /* Helpers */,
				573F4AA72963A1D8005CE558 /* CharacterList */,
				57F864F12965AAD70049484B /* Character */,
				573F4A992962FE70005CE558 /* StarWarsWikiApp.swift */,
				573F4A9B2962FE70005CE558 /* ContentView.swift */,
				573F4A9D2962FE70005CE558 /* Assets.xcassets */,
				573F4A9F2962FE70005CE558 /* Preview Content */,
			);
			path = StarWarsWiki;
			sourceTree = "<group>";
		};
		573F4A9F2962FE70005CE558 /* Preview Content */ = {
			isa = PBXGroup;
			children = (
				573F4AA02962FE70005CE558 /* Preview Assets.xcassets */,
			);
			path = "Preview Content";
			sourceTree = "<group>";
		};
		573F4AA72963A1D8005CE558 /* CharacterList */ = {
			isa = PBXGroup;
			children = (
				57F864EE2965A68A0049484B /* Data */,
				573F4AAA2963A1F1005CE558 /* ViewModel */,
				573F4AA92963A1EB005CE558 /* View */,
				573F4AA82963A1E3005CE558 /* Model */,
			);
			path = CharacterList;
			sourceTree = "<group>";
		};
		573F4AA82963A1E3005CE558 /* Model */ = {
			isa = PBXGroup;
			children = (
				57F864F52965AB340049484B /* CharacterList.swift */,
			);
			path = Model;
			sourceTree = "<group>";
		};
		573F4AA92963A1EB005CE558 /* View */ = {
			isa = PBXGroup;
			children = (
				573F4AAB2963A276005CE558 /* CharacterListView.swift */,
			);
			path = View;
			sourceTree = "<group>";
		};
		573F4AAA2963A1F1005CE558 /* ViewModel */ = {
			isa = PBXGroup;
			children = (
				57F864F92965B1220049484B /* CharacterListViewModel.swift */,
			);
			path = ViewModel;
			sourceTree = "<group>";
		};
		573F4AAD29645512005CE558 /* Helpers */ = {
			isa = PBXGroup;
			children = (
				573F4AAE296455C3005CE558 /* RouterHelper.swift */,
				57F864FB2968496C0049484B /* ErrorHelper.swift */,
				57F864FD296849A20049484B /* LoadingStateHelper.swift */,
			);
			path = Helpers;
			sourceTree = "<group>";
		};
		57F864EE2965A68A0049484B /* Data */ = {
			isa = PBXGroup;
			children = (
				57F864EF2965A6A60049484B /* CharacterDataSource.swift */,
				57F864F72965AC360049484B /* CharacterListNS.swift */,
			);
			path = Data;
			sourceTree = "<group>";
		};
		57F864F12965AAD70049484B /* Character */ = {
			isa = PBXGroup;
			children = (
				57F864F22965AAEB0049484B /* Model */,
			);
			path = Character;
			sourceTree = "<group>";
		};
		57F864F22965AAEB0049484B /* Model */ = {
			isa = PBXGroup;
			children = (
				57F864F32965AAF70049484B /* Character.swift */,
			);
			path = Model;
			sourceTree = "<group>";
		};
/* End PBXGroup section */

/* Begin PBXNativeTarget section */
		573F4A952962FE70005CE558 /* StarWarsWiki */ = {
			isa = PBXNativeTarget;
			buildConfigurationList = 573F4AA42962FE70005CE558 /* Build configuration list for PBXNativeTarget "StarWarsWiki" */;
			buildPhases = (
				573F4A922962FE70005CE558 /* Sources */,
				573F4A932962FE70005CE558 /* Frameworks */,
				573F4A942962FE70005CE558 /* Resources */,
			);
			buildRules = (
			);
			dependencies = (
			);
			name = StarWarsWiki;
			productName = StarWarsWiki;
			productReference = 573F4A962962FE70005CE558 /* StarWarsWiki.app */;
			productType = "com.apple.product-type.application";
		};
/* End PBXNativeTarget section */

/* Begin PBXProject section */
		573F4A8E2962FE70005CE558 /* Project object */ = {
			isa = PBXProject;
			attributes = {
				BuildIndependentTargetsInParallel = 1;
				LastSwiftUpdateCheck = 1420;
				LastUpgradeCheck = 1420;
				TargetAttributes = {
					573F4A952962FE70005CE558 = {
						CreatedOnToolsVersion = 14.2;
					};
				};
			};
			buildConfigurationList = 573F4A912962FE70005CE558 /* Build configuration list for PBXProject "StarWarsWiki" */;
			compatibilityVersion = "Xcode 14.0";
			developmentRegion = en;
			hasScannedForEncodings = 0;
			knownRegions = (
				en,
				Base,
			);
			mainGroup = 573F4A8D2962FE70005CE558;
			productRefGroup = 573F4A972962FE70005CE558 /* Products */;
			projectDirPath = "";
			projectRoot = "";
			targets = (
				573F4A952962FE70005CE558 /* StarWarsWiki */,
			);
		};
/* End PBXProject section */

/* Begin PBXResourcesBuildPhase section */
		573F4A942962FE70005CE558 /* Resources */ = {
			isa = PBXResourcesBuildPhase;
			buildActionMask = 2147483647;
			files = (
				573F4AA12962FE70005CE558 /* Preview Assets.xcassets in Resources */,
				573F4A9E2962FE70005CE558 /* Assets.xcassets in Resources */,
			);
			runOnlyForDeploymentPostprocessing = 0;
		};
/* End PBXResourcesBuildPhase section */

/* Begin PBXSourcesBuildPhase section */
		573F4A922962FE70005CE558 /* Sources */ = {
			isa = PBXSourcesBuildPhase;
			buildActionMask = 2147483647;
			files = (
				57F864F02965A6A60049484B /* CharacterDataSource.swift in Sources */,
				57F864F62965AB340049484B /* CharacterList.swift in Sources */,
				57F864FC2968496C0049484B /* ErrorHelper.swift in Sources */,
				57F864F82965AC360049484B /* CharacterListNS.swift in Sources */,
				573F4AAC2963A276005CE558 /* CharacterListView.swift in Sources */,
				57F864FA2965B1220049484B /* CharacterListViewModel.swift in Sources */,
				573F4A9C2962FE70005CE558 /* ContentView.swift in Sources */,
				57F864F42965AAF80049484B /* Character.swift in Sources */,
				573F4AAF296455C3005CE558 /* RouterHelper.swift in Sources */,
				57F864FE296849A20049484B /* LoadingStateHelper.swift in Sources */,
				573F4A9A2962FE70005CE558 /* StarWarsWikiApp.swift in Sources */,
			);
			runOnlyForDeploymentPostprocessing = 0;
		};
/* End PBXSourcesBuildPhase section */

/* Begin XCBuildConfiguration section */
		573F4AA22962FE70005CE558 /* Debug */ = {
			isa = XCBuildConfiguration;
			buildSettings = {
				ALWAYS_SEARCH_USER_PATHS = NO;
				CLANG_ANALYZER_NONNULL = YES;
				CLANG_ANALYZER_NUMBER_OBJECT_CONVERSION = YES_AGGRESSIVE;
				CLANG_CXX_LANGUAGE_STANDARD = "gnu++20";
				CLANG_ENABLE_MODULES = YES;
				CLANG_ENABLE_OBJC_ARC = YES;
				CLANG_ENABLE_OBJC_WEAK = YES;
				CLANG_WARN_BLOCK_CAPTURE_AUTORELEASING = YES;
				CLANG_WARN_BOOL_CONVERSION = YES;
				CLANG_WARN_COMMA = YES;
				CLANG_WARN_CONSTANT_CONVERSION = YES;
				CLANG_WARN_DEPRECATED_OBJC_IMPLEMENTATIONS = YES;
				CLANG_WARN_DIRECT_OBJC_ISA_USAGE = YES_ERROR;
				CLANG_WARN_DOCUMENTATION_COMMENTS = YES;
				CLANG_WARN_EMPTY_BODY = YES;
				CLANG_WARN_ENUM_CONVERSION = YES;
				CLANG_WARN_INFINITE_RECURSION = YES;
				CLANG_WARN_INT_CONVERSION = YES;
				CLANG_WARN_NON_LITERAL_NULL_CONVERSION = YES;
				CLANG_WARN_OBJC_IMPLICIT_RETAIN_SELF = YES;
				CLANG_WARN_OBJC_LITERAL_CONVERSION = YES;
				CLANG_WARN_OBJC_ROOT_CLASS = YES_ERROR;
				CLANG_WARN_QUOTED_INCLUDE_IN_FRAMEWORK_HEADER = YES;
				CLANG_WARN_RANGE_LOOP_ANALYSIS = YES;
				CLANG_WARN_STRICT_PROTOTYPES = YES;
				CLANG_WARN_SUSPICIOUS_MOVE = YES;
				CLANG_WARN_UNGUARDED_AVAILABILITY = YES_AGGRESSIVE;
				CLANG_WARN_UNREACHABLE_CODE = YES;
				CLANG_WARN__DUPLICATE_METHOD_MATCH = YES;
				COPY_PHASE_STRIP = NO;
				DEBUG_INFORMATION_FORMAT = dwarf;
				ENABLE_STRICT_OBJC_MSGSEND = YES;
				ENABLE_TESTABILITY = YES;
				GCC_C_LANGUAGE_STANDARD = gnu11;
				GCC_DYNAMIC_NO_PIC = NO;
				GCC_NO_COMMON_BLOCKS = YES;
				GCC_OPTIMIZATION_LEVEL = 0;
				GCC_PREPROCESSOR_DEFINITIONS = (
					"DEBUG=1",
					"$(inherited)",
				);
				GCC_WARN_64_TO_32_BIT_CONVERSION = YES;
				GCC_WARN_ABOUT_RETURN_TYPE = YES_ERROR;
				GCC_WARN_UNDECLARED_SELECTOR = YES;
				GCC_WARN_UNINITIALIZED_AUTOS = YES_AGGRESSIVE;
				GCC_WARN_UNUSED_FUNCTION = YES;
				GCC_WARN_UNUSED_VARIABLE = YES;
				IPHONEOS_DEPLOYMENT_TARGET = 16.2;
				MTL_ENABLE_DEBUG_INFO = INCLUDE_SOURCE;
				MTL_FAST_MATH = YES;
				ONLY_ACTIVE_ARCH = YES;
				SDKROOT = iphoneos;
				SWIFT_ACTIVE_COMPILATION_CONDITIONS = DEBUG;
				SWIFT_OPTIMIZATION_LEVEL = "-Onone";
			};
			name = Debug;
		};
		573F4AA32962FE70005CE558 /* Release */ = {
			isa = XCBuildConfiguration;
			buildSettings = {
				ALWAYS_SEARCH_USER_PATHS = NO;
				CLANG_ANALYZER_NONNULL = YES;
				CLANG_ANALYZER_NUMBER_OBJECT_CONVERSION = YES_AGGRESSIVE;
				CLANG_CXX_LANGUAGE_STANDARD = "gnu++20";
				CLANG_ENABLE_MODULES = YES;
				CLANG_ENABLE_OBJC_ARC = YES;
				CLANG_ENABLE_OBJC_WEAK = YES;
				CLANG_WARN_BLOCK_CAPTURE_AUTORELEASING = YES;
				CLANG_WARN_BOOL_CONVERSION = YES;
				CLANG_WARN_COMMA = YES;
				CLANG_WARN_CONSTANT_CONVERSION = YES;
				CLANG_WARN_DEPRECATED_OBJC_IMPLEMENTATIONS = YES;
				CLANG_WARN_DIRECT_OBJC_ISA_USAGE = YES_ERROR;
				CLANG_WARN_DOCUMENTATION_COMMENTS = YES;
				CLANG_WARN_EMPTY_BODY = YES;
				CLANG_WARN_ENUM_CONVERSION = YES;
				CLANG_WARN_INFINITE_RECURSION = YES;
				CLANG_WARN_INT_CONVERSION = YES;
				CLANG_WARN_NON_LITERAL_NULL_CONVERSION = YES;
				CLANG_WARN_OBJC_IMPLICIT_RETAIN_SELF = YES;
				CLANG_WARN_OBJC_LITERAL_CONVERSION = YES;
				CLANG_WARN_OBJC_ROOT_CLASS = YES_ERROR;
				CLANG_WARN_QUOTED_INCLUDE_IN_FRAMEWORK_HEADER = YES;
				CLANG_WARN_RANGE_LOOP_ANALYSIS = YES;
				CLANG_WARN_STRICT_PROTOTYPES = YES;
				CLANG_WARN_SUSPICIOUS_MOVE = YES;
				CLANG_WARN_UNGUARDED_AVAILABILITY = YES_AGGRESSIVE;
				CLANG_WARN_UNREACHABLE_CODE = YES;
				CLANG_WARN__DUPLICATE_METHOD_MATCH = YES;
				COPY_PHASE_STRIP = NO;
				DEBUG_INFORMATION_FORMAT = "dwarf-with-dsym";
				ENABLE_NS_ASSERTIONS = NO;
				ENABLE_STRICT_OBJC_MSGSEND = YES;
				GCC_C_LANGUAGE_STANDARD = gnu11;
				GCC_NO_COMMON_BLOCKS = YES;
				GCC_WARN_64_TO_32_BIT_CONVERSION = YES;
				GCC_WARN_ABOUT_RETURN_TYPE = YES_ERROR;
				GCC_WARN_UNDECLARED_SELECTOR = YES;
				GCC_WARN_UNINITIALIZED_AUTOS = YES_AGGRESSIVE;
				GCC_WARN_UNUSED_FUNCTION = YES;
				GCC_WARN_UNUSED_VARIABLE = YES;
				IPHONEOS_DEPLOYMENT_TARGET = 16.2;
				MTL_ENABLE_DEBUG_INFO = NO;
				MTL_FAST_MATH = YES;
				SDKROOT = iphoneos;
				SWIFT_COMPILATION_MODE = wholemodule;
				SWIFT_OPTIMIZATION_LEVEL = "-O";
				VALIDATE_PRODUCT = YES;
			};
			name = Release;
		};
		573F4AA52962FE70005CE558 /* Debug */ = {
			isa = XCBuildConfiguration;
			buildSettings = {
				ASSETCATALOG_COMPILER_APPICON_NAME = AppIcon;
				ASSETCATALOG_COMPILER_GLOBAL_ACCENT_COLOR_NAME = AccentColor;
				CODE_SIGN_STYLE = Automatic;
				CURRENT_PROJECT_VERSION = 1;
				DEVELOPMENT_ASSET_PATHS = "\"StarWarsWiki/Preview Content\"";
				DEVELOPMENT_TEAM = ZHA5FABH99;
				ENABLE_PREVIEWS = YES;
				GENERATE_INFOPLIST_FILE = YES;
				INFOPLIST_KEY_UIApplicationSceneManifest_Generation = YES;
				INFOPLIST_KEY_UIApplicationSupportsIndirectInputEvents = YES;
				INFOPLIST_KEY_UILaunchScreen_Generation = YES;
				INFOPLIST_KEY_UISupportedInterfaceOrientations_iPad = "UIInterfaceOrientationPortrait UIInterfaceOrientationPortraitUpsideDown UIInterfaceOrientationLandscapeLeft UIInterfaceOrientationLandscapeRight";
				INFOPLIST_KEY_UISupportedInterfaceOrientations_iPhone = "UIInterfaceOrientationPortrait UIInterfaceOrientationLandscapeLeft UIInterfaceOrientationLandscapeRight";
				LD_RUNPATH_SEARCH_PATHS = (
					"$(inherited)",
					"@executable_path/Frameworks",
				);
				MARKETING_VERSION = 1.0;
				PRODUCT_BUNDLE_IDENTIFIER = com.vicmeldi.StarWarsWiki;
				PRODUCT_NAME = "$(TARGET_NAME)";
				SWIFT_EMIT_LOC_STRINGS = YES;
				SWIFT_VERSION = 5.0;
				TARGETED_DEVICE_FAMILY = "1,2";
			};
			name = Debug;
		};
		573F4AA62962FE70005CE558 /* Release */ = {
			isa = XCBuildConfiguration;
			buildSettings = {
				ASSETCATALOG_COMPILER_APPICON_NAME = AppIcon;
				ASSETCATALOG_COMPILER_GLOBAL_ACCENT_COLOR_NAME = AccentColor;
				CODE_SIGN_STYLE = Automatic;
				CURRENT_PROJECT_VERSION = 1;
				DEVELOPMENT_ASSET_PATHS = "\"StarWarsWiki/Preview Content\"";
				DEVELOPMENT_TEAM = ZHA5FABH99;
				ENABLE_PREVIEWS = YES;
				GENERATE_INFOPLIST_FILE = YES;
				INFOPLIST_KEY_UIApplicationSceneManifest_Generation = YES;
				INFOPLIST_KEY_UIApplicationSupportsIndirectInputEvents = YES;
				INFOPLIST_KEY_UILaunchScreen_Generation = YES;
				INFOPLIST_KEY_UISupportedInterfaceOrientations_iPad = "UIInterfaceOrientationPortrait UIInterfaceOrientationPortraitUpsideDown UIInterfaceOrientationLandscapeLeft UIInterfaceOrientationLandscapeRight";
				INFOPLIST_KEY_UISupportedInterfaceOrientations_iPhone = "UIInterfaceOrientationPortrait UIInterfaceOrientationLandscapeLeft UIInterfaceOrientationLandscapeRight";
				LD_RUNPATH_SEARCH_PATHS = (
					"$(inherited)",
					"@executable_path/Frameworks",
				);
				MARKETING_VERSION = 1.0;
				PRODUCT_BUNDLE_IDENTIFIER = com.vicmeldi.StarWarsWiki;
				PRODUCT_NAME = "$(TARGET_NAME)";
				SWIFT_EMIT_LOC_STRINGS = YES;
				SWIFT_VERSION = 5.0;
				TARGETED_DEVICE_FAMILY = "1,2";
			};
			name = Release;
		};
/* End XCBuildConfiguration section */

/* Begin XCConfigurationList section */
		573F4A912962FE70005CE558 /* Build configuration list for PBXProject "StarWarsWiki" */ = {
			isa = XCConfigurationList;
			buildConfigurations = (
				573F4AA22962FE70005CE558 /* Debug */,
				573F4AA32962FE70005CE558 /* Release */,
			);
			defaultConfigurationIsVisible = 0;
			defaultConfigurationName = Release;
		};
		573F4AA42962FE70005CE558 /* Build configuration list for PBXNativeTarget "StarWarsWiki" */ = {
			isa = XCConfigurationList;
			buildConfigurations = (
				573F4AA52962FE70005CE558 /* Debug */,
				573F4AA62962FE70005CE558 /* Release */,
			);
			defaultConfigurationIsVisible = 0;
			defaultConfigurationName = Release;
		};
/* End XCConfigurationList section */
	};
	rootObject = 573F4A8E2962FE70005CE558 /* Project object */;
}
